
Microsoft Visual Studio Solution File, Format Version 12.00
# Visual Studio Version 16
VisualStudioVersion = 16.0.29519.87
MinimumVisualStudioVersion = 10.0.40219.1
Project("{FAE04EC0-301F-11D3-BF4B-00C04F79EFBC}") = "Calculator", "Calculator\Calculator.csproj", "{F5962875-AFF9-4BDB-9C6C-6FBDF4B164E5}"
EndProject
Project("{9A19103F-16F7-4668-BE54-9A1E7A4F7556}") = "OPS", "OPS\OPS.csproj", "{214F40E4-6B9B-4A85-8FFC-F692F16BAA48}"
EndProject
Project("{FAE04EC0-301F-11D3-BF4B-00C04F79EFBC}") = "Test", "Test\Test.csproj", "{5D10867B-BED0-41E1-BB9E-0DC5FDE4876D}"
EndProject
Global
	GlobalSection(SolutionConfigurationPlatforms) = preSolution
		Debug|Any CPU = Debug|Any CPU
		Release|Any CPU = Release|Any CPU
	EndGlobalSection
	GlobalSection(ProjectConfigurationPlatforms) = postSolution
		{F5962875-AFF9-4BDB-9C6C-6FBDF4B164E5}.Debug|Any CPU.ActiveCfg = Debug|Any CPU
		{F5962875-AFF9-4BDB-9C6C-6FBDF4B164E5}.Debug|Any CPU.Build.0 = Debug|Any CPU
		{F5962875-AFF9-4BDB-9C6C-6FBDF4B164E5}.Release|Any CPU.ActiveCfg = Release|Any CPU
		{F5962875-AFF9-4BDB-9C6C-6FBDF4B164E5}.Release|Any CPU.Build.0 = Release|Any CPU
		{214F40E4-6B9B-4A85-8FFC-F692F16BAA48}.Debug|Any CPU.ActiveCfg = Debug|Any CPU
		{214F40E4-6B9B-4A85-8FFC-F692F16BAA48}.Debug|Any CPU.Build.0 = Debug|Any CPU
		{214F40E4-6B9B-4A85-8FFC-F692F16BAA48}.Release|Any CPU.ActiveCfg = Release|Any CPU
		{214F40E4-6B9B-4A85-8FFC-F692F16BAA48}.Release|Any CPU.Build.0 = Release|Any CPU
		{5D10867B-BED0-41E1-BB9E-0DC5FDE4876D}.Debug|Any CPU.ActiveCfg = Debug|Any CPU
		{5D10867B-BED0-41E1-BB9E-0DC5FDE4876D}.Debug|Any CPU.Build.0 = Debug|Any CPU
		{5D10867B-BED0-41E1-BB9E-0DC5FDE4876D}.Release|Any CPU.ActiveCfg = Release|Any CPU
		{5D10867B-BED0-41E1-BB9E-0DC5FDE4876D}.Release|Any CPU.Build.0 = Release|Any CPU
	EndGlobalSection
	GlobalSection(SolutionProperties) = preSolution
		HideSolutionNode = FALSE
	EndGlobalSection
	GlobalSection(ExtensibilityGlobals) = postSolution
		SolutionGuid = {D8180EFF-E09B-4550-97C9-B8065F5908AE}
	EndGlobalSection
EndGlobal
